{
  "name": "ts-tutorial",
  "version": "1.0.0",
  "lockfileVersion": 1,
  "requires": true,
  "dependencies": {
    "typescript": {
      "version": "2.9.0-dev.20180515",
      "resolved": "https://registry.npmjs.org/typescript/-/typescript-2.9.0-dev.20180515.tgz",
      "integrity": "sha512-tkBul+7ibjTC/gKjz/ggyREb3km0MhbgthAtSEmVjUWP8WGgCWyLnGqzlHpgZN8teu6e69ox+0kLYNnJQ6gzlQ=="
    }
  }
}
